Microsoft Visual Studio Solution File, Format Version 7.00
Project("{FAE04EC0-301F-11D3-BF4B-00C04F79EFBC}") = "ID3EditorGUI", "ID3EditorGUI.csproj", "{776FC55A-4992-4978-9A5B-7FA52C4E9312}"
EndProject
Global
	GlobalSection(SolutionConfiguration) = preSolution
		ConfigName.0 = Debug
		ConfigName.1 = Release
	EndGlobalSection
	GlobalSection(ProjectDependencies) = postSolution
	EndGlobalSection
	GlobalSection(ProjectConfiguration) = postSolution
		{776FC55A-4992-4978-9A5B-7FA52C4E9312}.Debug.ActiveCfg = Debug|.NET
		{776FC55A-4992-4978-9A5B-7FA52C4E9312}.Debug.Build.0 = Debug|.NET
		{776FC55A-4992-4978-9A5B-7FA52C4E9312}.Release.ActiveCfg = Release|.NET
		{776FC55A-4992-4978-9A5B-7FA52C4E9312}.Release.Build.0 = Release|.NET
	EndGlobalSection
	GlobalSection(ExtensibilityGlobals) = postSolution
	EndGlobalSection
	GlobalSection(ExtensibilityAddIns) = postSolution
	EndGlobalSection
EndGlobal
